
Microsoft Visual Studio Solution File, Format Version 12.00
# Visual Studio 15
VisualStudioVersion = 15.0.28307.645
MinimumVisualStudioVersion = 10.0.40219.1
Project("{9A19103F-16F7-4668-BE54-9A1E7A4F7556}") = "SequencesAndStructure", "SequencesAndStructure\SequencesAndStructure.csproj", "{D4C7F252-177A-42BC-976D-B660AEB12633}"
EndProject
Project("{9A19103F-16F7-4668-BE54-9A1E7A4F7556}") = "Module4UntanglingStructuresFromOps", "Module3UntanglingStructuresFromOps\Module4UntanglingStructuresFromOps.csproj", "{70295963-9431-43C9-9B4B-78923B68F04E}"
EndProject
Project("{FAE04EC0-301F-11D3-BF4B-00C04F79EFBC}") = "Module4Refactored", "Module4Refactored\Module4Refactored.csproj", "{AA821A2D-0F0E-41D3-B120-6CBEB8892EFD}"
EndProject
Global
	GlobalSection(SolutionConfigurationPlatforms) = preSolution
		Debug|Any CPU = Debug|Any CPU
		Release|Any CPU = Release|Any CPU
	EndGlobalSection
	GlobalSection(ProjectConfigurationPlatforms) = postSolution
		{D4C7F252-177A-42BC-976D-B660AEB12633}.Debug|Any CPU.ActiveCfg = Debug|Any CPU
		{D4C7F252-177A-42BC-976D-B660AEB12633}.Debug|Any CPU.Build.0 = Debug|Any CPU
		{D4C7F252-177A-42BC-976D-B660AEB12633}.Release|Any CPU.ActiveCfg = Release|Any CPU
		{D4C7F252-177A-42BC-976D-B660AEB12633}.Release|Any CPU.Build.0 = Release|Any CPU
		{70295963-9431-43C9-9B4B-78923B68F04E}.Debug|Any CPU.ActiveCfg = Debug|Any CPU
		{70295963-9431-43C9-9B4B-78923B68F04E}.Debug|Any CPU.Build.0 = Debug|Any CPU
		{70295963-9431-43C9-9B4B-78923B68F04E}.Release|Any CPU.ActiveCfg = Release|Any CPU
		{70295963-9431-43C9-9B4B-78923B68F04E}.Release|Any CPU.Build.0 = Release|Any CPU
		{AA821A2D-0F0E-41D3-B120-6CBEB8892EFD}.Debug|Any CPU.ActiveCfg = Debug|Any CPU
		{AA821A2D-0F0E-41D3-B120-6CBEB8892EFD}.Debug|Any CPU.Build.0 = Debug|Any CPU
		{AA821A2D-0F0E-41D3-B120-6CBEB8892EFD}.Release|Any CPU.ActiveCfg = Release|Any CPU
		{AA821A2D-0F0E-41D3-B120-6CBEB8892EFD}.Release|Any CPU.Build.0 = Release|Any CPU
	EndGlobalSection
	GlobalSection(SolutionProperties) = preSolution
		HideSolutionNode = FALSE
	EndGlobalSection
	GlobalSection(ExtensibilityGlobals) = postSolution
		SolutionGuid = {54BB4C64-2F36-4993-94B8-120CD7BCB2D7}
	EndGlobalSection
EndGlobal
